
Microsoft Visual Studio Solution File, Format Version 12.00
# Visual Studio Version 17
VisualStudioVersion = 17.7.34024.191
MinimumVisualStudioVersion = 10.0.40219.1
Project("{2150E333-8FDC-42A3-9474-1A3956D46DE8}") = "Course_Source_Code", "Course_Source_Code", "{321B7FCE-C6E9-4EF4-A2FF-1F73C8BEBD03}"
EndProject
Project("{2150E333-8FDC-42A3-9474-1A3956D46DE8}") = "Section2-Basic_Language_Facilities", "Section2-Basic_Language_Facilities", "{257B324D-6F44-4318-BB4D-D2755FB054F5}"
EndProject
Project("{8BC9CEB8-8B4A-11D0-8D11-00A0C91BC942}") = "1_First Program", "Course_Material\Section 02\1_First Program\First Program\First Program.vcxproj", "{E2A42C46-C7A6-4202-918F-D4541745C27A}"
EndProject
Project("{8BC9CEB8-8B4A-11D0-8D11-00A0C91BC942}") = "2_BasicIO", "Course_Material\Section 02\2_BasicIO\BasicIO\BasicIO.vcxproj", "{5E9A6FD7-7D07-45A7-A7C6-476DB7355CD1}"
EndProject
Project("{8BC9CEB8-8B4A-11D0-8D11-00A0C91BC942}") = "3_DefaultFunctionArgs", "Course_Material\Section 02\3_Default Function Args\DefaultFunctionArgs\DefaultFunctionArgs\DefaultFunctionArgs.vcxproj", "{6D960E42-CDDF-48D3-ADFB-69E716F840DB}"
EndProject
Project("{8BC9CEB8-8B4A-11D0-8D11-00A0C91BC942}") = "4_CPP_and_H_Files", "Course_Material\Section 02\4_CPP_and_H_Files\4_CPP_and_H_Files.vcxproj", "{FC2881B1-DCAA-418D-80A6-198B673AF9CE}"
EndProject
Project("{8BC9CEB8-8B4A-11D0-8D11-00A0C91BC942}") = "5_Uniform_Initialization", "Course_Material\Section 02\5_Uniform_Initialization\5_Uniform_Initialization.vcxproj", "{B9636CA9-23E8-468A-9298-4B2490DC2671}"
EndProject
Project("{8BC9CEB8-8B4A-11D0-8D11-00A0C91BC942}") = "7_Pointers_Assignment", "Course_Material\Section 02\7_Pointers_Assignment\7_Pointers_Assignment.vcxproj", "{839DD586-D718-46A0-ACC1-73F325FA8685}"
EndProject
Project("{8BC9CEB8-8B4A-11D0-8D11-00A0C91BC942}") = "6_Pointers", "Course_Material\Section 02\6_Pointers\Pointers.vcxproj", "{E1B9DEFE-F4DB-4417-85C8-C0A95B919C8B}"
EndProject
Project("{8BC9CEB8-8B4A-11D0-8D11-00A0C91BC942}") = "8_Reference", "Course_Material\Section 02\8_Reference\Reference\Reference.vcxproj", "{5F6BE421-4599-454F-9F72-CC49BFD24ED4}"
EndProject
Project("{8BC9CEB8-8B4A-11D0-8D11-00A0C91BC942}") = "9_Reference_Assignment", "Course_Material\Section 02\9_Reference_Assignment\9_Reference_Assignment.vcxproj", "{615B517C-DE50-4EB4-BCF6-4E60B4054045}"
EndProject
Project("{8BC9CEB8-8B4A-11D0-8D11-00A0C91BC942}") = "10_Ref_vs_Ptr", "Course_Material\Section 02\10_Ref Vs Ptr\SwapFunction\SwapFunction.vcxproj", "{B536CB47-A6DA-4607-8083-3743DE0D10A4}"
EndProject
Project("{8BC9CEB8-8B4A-11D0-8D11-00A0C91BC942}") = "11_Const", "Course_Material\Section 02\11_Const\11_Const.vcxproj", "{476A5B85-6903-4E67-9624-9611711B2075}"
EndProject
Project("{8BC9CEB8-8B4A-11D0-8D11-00A0C91BC942}") = "12_const qualifer", "Course_Material\Section 02\12_const Qualifier and Compound Types\const qualifer\const qualifer\const qualifer.vcxproj", "{BF46B9CD-EE76-4B79-A0DC-36E2A442D9A8}"
EndProject
Project("{8BC9CEB8-8B4A-11D0-8D11-00A0C91BC942}") = "13_Const_Assignment", "Course_Material\Section 02\13_Const_Assignment\13_Const_Assignment.vcxproj", "{9D39AAAD-8629-4A0F-BDEA-B0AE3E30323C}"
EndProject
Project("{8BC9CEB8-8B4A-11D0-8D11-00A0C91BC942}") = "14_AutoKeyword", "Course_Material\Section 02\14_auto\AutoKeyword\AutoKeyword\AutoKeyword.vcxproj", "{3382D8D0-E6E2-4F4E-818B-CB36D18B0D26}"
EndProject
Project("{8BC9CEB8-8B4A-11D0-8D11-00A0C91BC942}") = "15_ForEach", "Course_Material\Section 02\15_Range-based for\ForEach\ForEach\ForEach.vcxproj", "{5A55E07E-4228-4765-AC39-829FDCE99715}"
EndProject
Project("{8BC9CEB8-8B4A-11D0-8D11-00A0C91BC942}") = "16_Function Overloading", "Course_Material\Section 02\16_Function Overloading\Function Overloading\Function Overloading\Function Overloading.vcxproj", "{FA80BB0C-7C86-4103-BBD8-EAA9F1DEF6BE}"
EndProject
Project("{8BC9CEB8-8B4A-11D0-8D11-00A0C91BC942}") = "17_Default_Function_Arguments", "Course_Material\Section 02\17_Default_Function_Arguments\17_Default_Function_Arguments.vcxproj", "{425574FC-DB8C-4464-B76D-8798A234E422}"
EndProject
Project("{8BC9CEB8-8B4A-11D0-8D11-00A0C91BC942}") = "18_Inline Functions", "Course_Material\Section 02\18_Inline functions\Inline Functions\Inline Functions\Inline Functions.vcxproj", "{FA202123-45CC-438D-A3C7-6264B21D19A4}"
EndProject
Project("{8BC9CEB8-8B4A-11D0-8D11-00A0C91BC942}") = "19_Function Pointer", "Course_Material\Section 02\19_Function Pointers\Function Pointer\Function Pointer\Function Pointer.vcxproj", "{35FF28A2-BFF8-40E6-B6E9-831BDB57DD11}"
EndProject
Project("{8BC9CEB8-8B4A-11D0-8D11-00A0C91BC942}") = "20_Namespace", "Course_Material\Section 02\20_Namespace\Namespace\Namespace\Namespace.vcxproj", "{C04275D4-A275-4E65-8BC9-1C195DE1C14D}"
EndProject
Project("{2150E333-8FDC-42A3-9474-1A3956D46DE8}") = "Section3-Memory_Management_Part1", "Section3-Memory_Management_Part1", "{51C1B7ED-8530-4DB1-88D8-622487AF4ACD}"
EndProject
Project("{8BC9CEB8-8B4A-11D0-8D11-00A0C91BC942}") = "1_MemMgmtC", "Course_Material\Section 03\1_Dynamic_Mem_Allocation_Part1\MemMgmtC\MemMgmtC.vcxproj", "{F3060791-86C2-43BD-9BBE-2D22337F020E}"
EndProject
Project("{8BC9CEB8-8B4A-11D0-8D11-00A0C91BC942}") = "2_Dynamic_Mem_Allocation_Part2", "Course_Material\Section 03\2_Dynamic_Mem_Allocation_Part2\2_Dynamic_Mem_Allocation_Part2.vcxproj", "{87966AF7-8C77-47E9-91EA-F906FE9CBDB9}"
EndProject
Project("{8BC9CEB8-8B4A-11D0-8D11-00A0C91BC942}") = "3_Dynamic_Mem_Allocation_Part3", "Course_Material\Section 03\3_Dynamic_Mem_Allocation_Part3\3_Dynamic_Mem_Allocation.vcxproj", "{6664D0CD-565A-43DF-9B33-0A700D8790C7}"
EndProject
Project("{8BC9CEB8-8B4A-11D0-8D11-00A0C91BC942}") = "4_Dynamic_Memory_Allocation_PartIV", "Course_Material\Section 03\4_Dynamic_Memory_Allocation_PartIV\4_Dynamic_Memory_Allocation_PartIV.vcxproj", "{FAD90221-39EE-468C-8690-418D14967A5A}"
EndProject
Project("{2150E333-8FDC-42A3-9474-1A3956D46DE8}") = "Section4-Classes_and_Objects", "Section4-Classes_and_Objects", "{03209188-45DE-4D5F-86D0-58498AC98263}"
EndProject
Global
	GlobalSection(SolutionConfigurationPlatforms) = preSolution
		Debug|ARM = Debug|ARM
		Debug|ARM64 = Debug|ARM64
		Debug|x64 = Debug|x64
		Debug|x86 = Debug|x86
		Release|ARM = Release|ARM
		Release|ARM64 = Release|ARM64
		Release|x64 = Release|x64
		Release|x86 = Release|x86
	EndGlobalSection
	GlobalSection(ProjectConfigurationPlatforms) = postSolution
		{E2A42C46-C7A6-4202-918F-D4541745C27A}.Debug|ARM.ActiveCfg = Debug|x64
		{E2A42C46-C7A6-4202-918F-D4541745C27A}.Debug|ARM.Build.0 = Debug|x64
		{E2A42C46-C7A6-4202-918F-D4541745C27A}.Debug|ARM64.ActiveCfg = Debug|x64
		{E2A42C46-C7A6-4202-918F-D4541745C27A}.Debug|ARM64.Build.0 = Debug|x64
		{E2A42C46-C7A6-4202-918F-D4541745C27A}.Debug|x64.ActiveCfg = Debug|x64
		{E2A42C46-C7A6-4202-918F-D4541745C27A}.Debug|x64.Build.0 = Debug|x64
		{E2A42C46-C7A6-4202-918F-D4541745C27A}.Debug|x86.ActiveCfg = Debug|Win32
		{E2A42C46-C7A6-4202-918F-D4541745C27A}.Debug|x86.Build.0 = Debug|Win32
		{E2A42C46-C7A6-4202-918F-D4541745C27A}.Release|ARM.ActiveCfg = Release|x64
		{E2A42C46-C7A6-4202-918F-D4541745C27A}.Release|ARM.Build.0 = Release|x64
		{E2A42C46-C7A6-4202-918F-D4541745C27A}.Release|ARM64.ActiveCfg = Release|x64
		{E2A42C46-C7A6-4202-918F-D4541745C27A}.Release|ARM64.Build.0 = Release|x64
		{E2A42C46-C7A6-4202-918F-D4541745C27A}.Release|x64.ActiveCfg = Release|x64
		{E2A42C46-C7A6-4202-918F-D4541745C27A}.Release|x64.Build.0 = Release|x64
		{E2A42C46-C7A6-4202-918F-D4541745C27A}.Release|x86.ActiveCfg = Release|Win32
		{E2A42C46-C7A6-4202-918F-D4541745C27A}.Release|x86.Build.0 = Release|Win32
		{5E9A6FD7-7D07-45A7-A7C6-476DB7355CD1}.Debug|ARM.ActiveCfg = Debug|x64
		{5E9A6FD7-7D07-45A7-A7C6-476DB7355CD1}.Debug|ARM.Build.0 = Debug|x64
		{5E9A6FD7-7D07-45A7-A7C6-476DB7355CD1}.Debug|ARM64.ActiveCfg = Debug|x64
		{5E9A6FD7-7D07-45A7-A7C6-476DB7355CD1}.Debug|ARM64.Build.0 = Debug|x64
		{5E9A6FD7-7D07-45A7-A7C6-476DB7355CD1}.Debug|x64.ActiveCfg = Debug|x64
		{5E9A6FD7-7D07-45A7-A7C6-476DB7355CD1}.Debug|x64.Build.0 = Debug|x64
		{5E9A6FD7-7D07-45A7-A7C6-476DB7355CD1}.Debug|x86.ActiveCfg = Debug|Win32
		{5E9A6FD7-7D07-45A7-A7C6-476DB7355CD1}.Debug|x86.Build.0 = Debug|Win32
		{5E9A6FD7-7D07-45A7-A7C6-476DB7355CD1}.Release|ARM.ActiveCfg = Release|x64
		{5E9A6FD7-7D07-45A7-A7C6-476DB7355CD1}.Release|ARM.Build.0 = Release|x64
		{5E9A6FD7-7D07-45A7-A7C6-476DB7355CD1}.Release|ARM64.ActiveCfg = Release|x64
		{5E9A6FD7-7D07-45A7-A7C6-476DB7355CD1}.Release|ARM64.Build.0 = Release|x64
		{5E9A6FD7-7D07-45A7-A7C6-476DB7355CD1}.Release|x64.ActiveCfg = Release|x64
		{5E9A6FD7-7D07-45A7-A7C6-476DB7355CD1}.Release|x64.Build.0 = Release|x64
		{5E9A6FD7-7D07-45A7-A7C6-476DB7355CD1}.Release|x86.ActiveCfg = Release|Win32
		{5E9A6FD7-7D07-45A7-A7C6-476DB7355CD1}.Release|x86.Build.0 = Release|Win32
		{6D960E42-CDDF-48D3-ADFB-69E716F840DB}.Debug|ARM.ActiveCfg = Debug|x64
		{6D960E42-CDDF-48D3-ADFB-69E716F840DB}.Debug|ARM.Build.0 = Debug|x64
		{6D960E42-CDDF-48D3-ADFB-69E716F840DB}.Debug|ARM64.ActiveCfg = Debug|x64
		{6D960E42-CDDF-48D3-ADFB-69E716F840DB}.Debug|ARM64.Build.0 = Debug|x64
		{6D960E42-CDDF-48D3-ADFB-69E716F840DB}.Debug|x64.ActiveCfg = Debug|x64
		{6D960E42-CDDF-48D3-ADFB-69E716F840DB}.Debug|x64.Build.0 = Debug|x64
		{6D960E42-CDDF-48D3-ADFB-69E716F840DB}.Debug|x86.ActiveCfg = Debug|Win32
		{6D960E42-CDDF-48D3-ADFB-69E716F840DB}.Debug|x86.Build.0 = Debug|Win32
		{6D960E42-CDDF-48D3-ADFB-69E716F840DB}.Release|ARM.ActiveCfg = Release|x64
		{6D960E42-CDDF-48D3-ADFB-69E716F840DB}.Release|ARM.Build.0 = Release|x64
		{6D960E42-CDDF-48D3-ADFB-69E716F840DB}.Release|ARM64.ActiveCfg = Release|x64
		{6D960E42-CDDF-48D3-ADFB-69E716F840DB}.Release|ARM64.Build.0 = Release|x64
		{6D960E42-CDDF-48D3-ADFB-69E716F840DB}.Release|x64.ActiveCfg = Release|x64
		{6D960E42-CDDF-48D3-ADFB-69E716F840DB}.Release|x64.Build.0 = Release|x64
		{6D960E42-CDDF-48D3-ADFB-69E716F840DB}.Release|x86.ActiveCfg = Release|Win32
		{6D960E42-CDDF-48D3-ADFB-69E716F840DB}.Release|x86.Build.0 = Release|Win32
		{FC2881B1-DCAA-418D-80A6-198B673AF9CE}.Debug|ARM.ActiveCfg = Debug|x64
		{FC2881B1-DCAA-418D-80A6-198B673AF9CE}.Debug|ARM.Build.0 = Debug|x64
		{FC2881B1-DCAA-418D-80A6-198B673AF9CE}.Debug|ARM64.ActiveCfg = Debug|x64
		{FC2881B1-DCAA-418D-80A6-198B673AF9CE}.Debug|ARM64.Build.0 = Debug|x64
		{FC2881B1-DCAA-418D-80A6-198B673AF9CE}.Debug|x64.ActiveCfg = Debug|x64
		{FC2881B1-DCAA-418D-80A6-198B673AF9CE}.Debug|x64.Build.0 = Debug|x64
		{FC2881B1-DCAA-418D-80A6-198B673AF9CE}.Debug|x86.ActiveCfg = Debug|Win32
		{FC2881B1-DCAA-418D-80A6-198B673AF9CE}.Debug|x86.Build.0 = Debug|Win32
		{FC2881B1-DCAA-418D-80A6-198B673AF9CE}.Release|ARM.ActiveCfg = Release|x64
		{FC2881B1-DCAA-418D-80A6-198B673AF9CE}.Release|ARM.Build.0 = Release|x64
		{FC2881B1-DCAA-418D-80A6-198B673AF9CE}.Release|ARM64.ActiveCfg = Release|x64
		{FC2881B1-DCAA-418D-80A6-198B673AF9CE}.Release|ARM64.Build.0 = Release|x64
		{FC2881B1-DCAA-418D-80A6-198B673AF9CE}.Release|x64.ActiveCfg = Release|x64
		{FC2881B1-DCAA-418D-80A6-198B673AF9CE}.Release|x64.Build.0 = Release|x64
		{FC2881B1-DCAA-418D-80A6-198B673AF9CE}.Release|x86.ActiveCfg = Release|Win32
		{FC2881B1-DCAA-418D-80A6-198B673AF9CE}.Release|x86.Build.0 = Release|Win32
		{B9636CA9-23E8-468A-9298-4B2490DC2671}.Debug|ARM.ActiveCfg = Debug|x64
		{B9636CA9-23E8-468A-9298-4B2490DC2671}.Debug|ARM.Build.0 = Debug|x64
		{B9636CA9-23E8-468A-9298-4B2490DC2671}.Debug|ARM64.ActiveCfg = Debug|x64
		{B9636CA9-23E8-468A-9298-4B2490DC2671}.Debug|ARM64.Build.0 = Debug|x64
		{B9636CA9-23E8-468A-9298-4B2490DC2671}.Debug|x64.ActiveCfg = Debug|x64
		{B9636CA9-23E8-468A-9298-4B2490DC2671}.Debug|x64.Build.0 = Debug|x64
		{B9636CA9-23E8-468A-9298-4B2490DC2671}.Debug|x86.ActiveCfg = Debug|Win32
		{B9636CA9-23E8-468A-9298-4B2490DC2671}.Debug|x86.Build.0 = Debug|Win32
		{B9636CA9-23E8-468A-9298-4B2490DC2671}.Release|ARM.ActiveCfg = Release|x64
		{B9636CA9-23E8-468A-9298-4B2490DC2671}.Release|ARM.Build.0 = Release|x64
		{B9636CA9-23E8-468A-9298-4B2490DC2671}.Release|ARM64.ActiveCfg = Release|x64
		{B9636CA9-23E8-468A-9298-4B2490DC2671}.Release|ARM64.Build.0 = Release|x64
		{B9636CA9-23E8-468A-9298-4B2490DC2671}.Release|x64.ActiveCfg = Release|x64
		{B9636CA9-23E8-468A-9298-4B2490DC2671}.Release|x64.Build.0 = Release|x64
		{B9636CA9-23E8-468A-9298-4B2490DC2671}.Release|x86.ActiveCfg = Release|Win32
		{B9636CA9-23E8-468A-9298-4B2490DC2671}.Release|x86.Build.0 = Release|Win32
		{839DD586-D718-46A0-ACC1-73F325FA8685}.Debug|ARM.ActiveCfg = Debug|x64
		{839DD586-D718-46A0-ACC1-73F325FA8685}.Debug|ARM.Build.0 = Debug|x64
		{839DD586-D718-46A0-ACC1-73F325FA8685}.Debug|ARM64.ActiveCfg = Debug|x64
		{839DD586-D718-46A0-ACC1-73F325FA8685}.Debug|ARM64.Build.0 = Debug|x64
		{839DD586-D718-46A0-ACC1-73F325FA8685}.Debug|x64.ActiveCfg = Debug|x64
		{839DD586-D718-46A0-ACC1-73F325FA8685}.Debug|x64.Build.0 = Debug|x64
		{839DD586-D718-46A0-ACC1-73F325FA8685}.Debug|x86.ActiveCfg = Debug|Win32
		{839DD586-D718-46A0-ACC1-73F325FA8685}.Debug|x86.Build.0 = Debug|Win32
		{839DD586-D718-46A0-ACC1-73F325FA8685}.Release|ARM.ActiveCfg = Release|x64
		{839DD586-D718-46A0-ACC1-73F325FA8685}.Release|ARM.Build.0 = Release|x64
		{839DD586-D718-46A0-ACC1-73F325FA8685}.Release|ARM64.ActiveCfg = Release|x64
		{839DD586-D718-46A0-ACC1-73F325FA8685}.Release|ARM64.Build.0 = Release|x64
		{839DD586-D718-46A0-ACC1-73F325FA8685}.Release|x64.ActiveCfg = Release|x64
		{839DD586-D718-46A0-ACC1-73F325FA8685}.Release|x64.Build.0 = Release|x64
		{839DD586-D718-46A0-ACC1-73F325FA8685}.Release|x86.ActiveCfg = Release|Win32
		{839DD586-D718-46A0-ACC1-73F325FA8685}.Release|x86.Build.0 = Release|Win32
		{E1B9DEFE-F4DB-4417-85C8-C0A95B919C8B}.Debug|ARM.ActiveCfg = Debug|x64
		{E1B9DEFE-F4DB-4417-85C8-C0A95B919C8B}.Debug|ARM.Build.0 = Debug|x64
		{E1B9DEFE-F4DB-4417-85C8-C0A95B919C8B}.Debug|ARM64.ActiveCfg = Debug|x64
		{E1B9DEFE-F4DB-4417-85C8-C0A95B919C8B}.Debug|ARM64.Build.0 = Debug|x64
		{E1B9DEFE-F4DB-4417-85C8-C0A95B919C8B}.Debug|x64.ActiveCfg = Debug|x64
		{E1B9DEFE-F4DB-4417-85C8-C0A95B919C8B}.Debug|x64.Build.0 = Debug|x64
		{E1B9DEFE-F4DB-4417-85C8-C0A95B919C8B}.Debug|x86.ActiveCfg = Debug|Win32
		{E1B9DEFE-F4DB-4417-85C8-C0A95B919C8B}.Debug|x86.Build.0 = Debug|Win32
		{E1B9DEFE-F4DB-4417-85C8-C0A95B919C8B}.Release|ARM.ActiveCfg = Release|x64
		{E1B9DEFE-F4DB-4417-85C8-C0A95B919C8B}.Release|ARM.Build.0 = Release|x64
		{E1B9DEFE-F4DB-4417-85C8-C0A95B919C8B}.Release|ARM64.ActiveCfg = Release|x64
		{E1B9DEFE-F4DB-4417-85C8-C0A95B919C8B}.Release|ARM64.Build.0 = Release|x64
		{E1B9DEFE-F4DB-4417-85C8-C0A95B919C8B}.Release|x64.ActiveCfg = Release|x64
		{E1B9DEFE-F4DB-4417-85C8-C0A95B919C8B}.Release|x64.Build.0 = Release|x64
		{E1B9DEFE-F4DB-4417-85C8-C0A95B919C8B}.Release|x86.ActiveCfg = Release|Win32
		{E1B9DEFE-F4DB-4417-85C8-C0A95B919C8B}.Release|x86.Build.0 = Release|Win32
		{5F6BE421-4599-454F-9F72-CC49BFD24ED4}.Debug|ARM.ActiveCfg = Debug|x64
		{5F6BE421-4599-454F-9F72-CC49BFD24ED4}.Debug|ARM.Build.0 = Debug|x64
		{5F6BE421-4599-454F-9F72-CC49BFD24ED4}.Debug|ARM64.ActiveCfg = Debug|x64
		{5F6BE421-4599-454F-9F72-CC49BFD24ED4}.Debug|ARM64.Build.0 = Debug|x64
		{5F6BE421-4599-454F-9F72-CC49BFD24ED4}.Debug|x64.ActiveCfg = Debug|x64
		{5F6BE421-4599-454F-9F72-CC49BFD24ED4}.Debug|x64.Build.0 = Debug|x64
		{5F6BE421-4599-454F-9F72-CC49BFD24ED4}.Debug|x86.ActiveCfg = Debug|Win32
		{5F6BE421-4599-454F-9F72-CC49BFD24ED4}.Debug|x86.Build.0 = Debug|Win32
		{5F6BE421-4599-454F-9F72-CC49BFD24ED4}.Release|ARM.ActiveCfg = Release|x64
		{5F6BE421-4599-454F-9F72-CC49BFD24ED4}.Release|ARM.Build.0 = Release|x64
		{5F6BE421-4599-454F-9F72-CC49BFD24ED4}.Release|ARM64.ActiveCfg = Release|x64
		{5F6BE421-4599-454F-9F72-CC49BFD24ED4}.Release|ARM64.Build.0 = Release|x64
		{5F6BE421-4599-454F-9F72-CC49BFD24ED4}.Release|x64.ActiveCfg = Release|x64
		{5F6BE421-4599-454F-9F72-CC49BFD24ED4}.Release|x64.Build.0 = Release|x64
		{5F6BE421-4599-454F-9F72-CC49BFD24ED4}.Release|x86.ActiveCfg = Release|Win32
		{5F6BE421-4599-454F-9F72-CC49BFD24ED4}.Release|x86.Build.0 = Release|Win32
		{615B517C-DE50-4EB4-BCF6-4E60B4054045}.Debug|ARM.ActiveCfg = Debug|x64
		{615B517C-DE50-4EB4-BCF6-4E60B4054045}.Debug|ARM.Build.0 = Debug|x64
		{615B517C-DE50-4EB4-BCF6-4E60B4054045}.Debug|ARM64.ActiveCfg = Debug|x64
		{615B517C-DE50-4EB4-BCF6-4E60B4054045}.Debug|ARM64.Build.0 = Debug|x64
		{615B517C-DE50-4EB4-BCF6-4E60B4054045}.Debug|x64.ActiveCfg = Debug|x64
		{615B517C-DE50-4EB4-BCF6-4E60B4054045}.Debug|x64.Build.0 = Debug|x64
		{615B517C-DE50-4EB4-BCF6-4E60B4054045}.Debug|x86.ActiveCfg = Debug|Win32
		{615B517C-DE50-4EB4-BCF6-4E60B4054045}.Debug|x86.Build.0 = Debug|Win32
		{615B517C-DE50-4EB4-BCF6-4E60B4054045}.Release|ARM.ActiveCfg = Release|x64
		{615B517C-DE50-4EB4-BCF6-4E60B4054045}.Release|ARM.Build.0 = Release|x64
		{615B517C-DE50-4EB4-BCF6-4E60B4054045}.Release|ARM64.ActiveCfg = Release|x64
		{615B517C-DE50-4EB4-BCF6-4E60B4054045}.Release|ARM64.Build.0 = Release|x64
		{615B517C-DE50-4EB4-BCF6-4E60B4054045}.Release|x64.ActiveCfg = Release|x64
		{615B517C-DE50-4EB4-BCF6-4E60B4054045}.Release|x64.Build.0 = Release|x64
		{615B517C-DE50-4EB4-BCF6-4E60B4054045}.Release|x86.ActiveCfg = Release|Win32
		{615B517C-DE50-4EB4-BCF6-4E60B4054045}.Release|x86.Build.0 = Release|Win32
		{B536CB47-A6DA-4607-8083-3743DE0D10A4}.Debug|ARM.ActiveCfg = Debug|x64
		{B536CB47-A6DA-4607-8083-3743DE0D10A4}.Debug|ARM.Build.0 = Debug|x64
		{B536CB47-A6DA-4607-8083-3743DE0D10A4}.Debug|ARM64.ActiveCfg = Debug|x64
		{B536CB47-A6DA-4607-8083-3743DE0D10A4}.Debug|ARM64.Build.0 = Debug|x64
		{B536CB47-A6DA-4607-8083-3743DE0D10A4}.Debug|x64.ActiveCfg = Debug|x64
		{B536CB47-A6DA-4607-8083-3743DE0D10A4}.Debug|x64.Build.0 = Debug|x64
		{B536CB47-A6DA-4607-8083-3743DE0D10A4}.Debug|x86.ActiveCfg = Debug|Win32
		{B536CB47-A6DA-4607-8083-3743DE0D10A4}.Debug|x86.Build.0 = Debug|Win32
		{B536CB47-A6DA-4607-8083-3743DE0D10A4}.Release|ARM.ActiveCfg = Release|x64
		{B536CB47-A6DA-4607-8083-3743DE0D10A4}.Release|ARM.Build.0 = Release|x64
		{B536CB47-A6DA-4607-8083-3743DE0D10A4}.Release|ARM64.ActiveCfg = Release|x64
		{B536CB47-A6DA-4607-8083-3743DE0D10A4}.Release|ARM64.Build.0 = Release|x64
		{B536CB47-A6DA-4607-8083-3743DE0D10A4}.Release|x64.ActiveCfg = Release|x64
		{B536CB47-A6DA-4607-8083-3743DE0D10A4}.Release|x64.Build.0 = Release|x64
		{B536CB47-A6DA-4607-8083-3743DE0D10A4}.Release|x86.ActiveCfg = Release|Win32
		{B536CB47-A6DA-4607-8083-3743DE0D10A4}.Release|x86.Build.0 = Release|Win32
		{476A5B85-6903-4E67-9624-9611711B2075}.Debug|ARM.ActiveCfg = Debug|x64
		{476A5B85-6903-4E67-9624-9611711B2075}.Debug|ARM.Build.0 = Debug|x64
		{476A5B85-6903-4E67-9624-9611711B2075}.Debug|ARM64.ActiveCfg = Debug|x64
		{476A5B85-6903-4E67-9624-9611711B2075}.Debug|ARM64.Build.0 = Debug|x64
		{476A5B85-6903-4E67-9624-9611711B2075}.Debug|x64.ActiveCfg = Debug|x64
		{476A5B85-6903-4E67-9624-9611711B2075}.Debug|x64.Build.0 = Debug|x64
		{476A5B85-6903-4E67-9624-9611711B2075}.Debug|x86.ActiveCfg = Debug|Win32
		{476A5B85-6903-4E67-9624-9611711B2075}.Debug|x86.Build.0 = Debug|Win32
		{476A5B85-6903-4E67-9624-9611711B2075}.Release|ARM.ActiveCfg = Release|x64
		{476A5B85-6903-4E67-9624-9611711B2075}.Release|ARM.Build.0 = Release|x64
		{476A5B85-6903-4E67-9624-9611711B2075}.Release|ARM64.ActiveCfg = Release|x64
		{476A5B85-6903-4E67-9624-9611711B2075}.Release|ARM64.Build.0 = Release|x64
		{476A5B85-6903-4E67-9624-9611711B2075}.Release|x64.ActiveCfg = Release|x64
		{476A5B85-6903-4E67-9624-9611711B2075}.Release|x64.Build.0 = Release|x64
		{476A5B85-6903-4E67-9624-9611711B2075}.Release|x86.ActiveCfg = Release|Win32
		{476A5B85-6903-4E67-9624-9611711B2075}.Release|x86.Build.0 = Release|Win32
		{BF46B9CD-EE76-4B79-A0DC-36E2A442D9A8}.Debug|ARM.ActiveCfg = Debug|x64
		{BF46B9CD-EE76-4B79-A0DC-36E2A442D9A8}.Debug|ARM.Build.0 = Debug|x64
		{BF46B9CD-EE76-4B79-A0DC-36E2A442D9A8}.Debug|ARM64.ActiveCfg = Debug|x64
		{BF46B9CD-EE76-4B79-A0DC-36E2A442D9A8}.Debug|ARM64.Build.0 = Debug|x64
		{BF46B9CD-EE76-4B79-A0DC-36E2A442D9A8}.Debug|x64.ActiveCfg = Debug|x64
		{BF46B9CD-EE76-4B79-A0DC-36E2A442D9A8}.Debug|x64.Build.0 = Debug|x64
		{BF46B9CD-EE76-4B79-A0DC-36E2A442D9A8}.Debug|x86.ActiveCfg = Debug|Win32
		{BF46B9CD-EE76-4B79-A0DC-36E2A442D9A8}.Debug|x86.Build.0 = Debug|Win32
		{BF46B9CD-EE76-4B79-A0DC-36E2A442D9A8}.Release|ARM.ActiveCfg = Release|x64
		{BF46B9CD-EE76-4B79-A0DC-36E2A442D9A8}.Release|ARM.Build.0 = Release|x64
		{BF46B9CD-EE76-4B79-A0DC-36E2A442D9A8}.Release|ARM64.ActiveCfg = Release|x64
		{BF46B9CD-EE76-4B79-A0DC-36E2A442D9A8}.Release|ARM64.Build.0 = Release|x64
		{BF46B9CD-EE76-4B79-A0DC-36E2A442D9A8}.Release|x64.ActiveCfg = Release|x64
		{BF46B9CD-EE76-4B79-A0DC-36E2A442D9A8}.Release|x64.Build.0 = Release|x64
		{BF46B9CD-EE76-4B79-A0DC-36E2A442D9A8}.Release|x86.ActiveCfg = Release|Win32
		{BF46B9CD-EE76-4B79-A0DC-36E2A442D9A8}.Release|x86.Build.0 = Release|Win32
		{9D39AAAD-8629-4A0F-BDEA-B0AE3E30323C}.Debug|ARM.ActiveCfg = Debug|x64
		{9D39AAAD-8629-4A0F-BDEA-B0AE3E30323C}.Debug|ARM.Build.0 = Debug|x64
		{9D39AAAD-8629-4A0F-BDEA-B0AE3E30323C}.Debug|ARM64.ActiveCfg = Debug|x64
		{9D39AAAD-8629-4A0F-BDEA-B0AE3E30323C}.Debug|ARM64.Build.0 = Debug|x64
		{9D39AAAD-8629-4A0F-BDEA-B0AE3E30323C}.Debug|x64.ActiveCfg = Debug|x64
		{9D39AAAD-8629-4A0F-BDEA-B0AE3E30323C}.Debug|x64.Build.0 = Debug|x64
		{9D39AAAD-8629-4A0F-BDEA-B0AE3E30323C}.Debug|x86.ActiveCfg = Debug|Win32
		{9D39AAAD-8629-4A0F-BDEA-B0AE3E30323C}.Debug|x86.Build.0 = Debug|Win32
		{9D39AAAD-8629-4A0F-BDEA-B0AE3E30323C}.Release|ARM.ActiveCfg = Release|x64
		{9D39AAAD-8629-4A0F-BDEA-B0AE3E30323C}.Release|ARM.Build.0 = Release|x64
		{9D39AAAD-8629-4A0F-BDEA-B0AE3E30323C}.Release|ARM64.ActiveCfg = Release|x64
		{9D39AAAD-8629-4A0F-BDEA-B0AE3E30323C}.Release|ARM64.Build.0 = Release|x64
		{9D39AAAD-8629-4A0F-BDEA-B0AE3E30323C}.Release|x64.ActiveCfg = Release|x64
		{9D39AAAD-8629-4A0F-BDEA-B0AE3E30323C}.Release|x64.Build.0 = Release|x64
		{9D39AAAD-8629-4A0F-BDEA-B0AE3E30323C}.Release|x86.ActiveCfg = Release|Win32
		{9D39AAAD-8629-4A0F-BDEA-B0AE3E30323C}.Release|x86.Build.0 = Release|Win32
		{3382D8D0-E6E2-4F4E-818B-CB36D18B0D26}.Debug|ARM.ActiveCfg = Debug|x64
		{3382D8D0-E6E2-4F4E-818B-CB36D18B0D26}.Debug|ARM.Build.0 = Debug|x64
		{3382D8D0-E6E2-4F4E-818B-CB36D18B0D26}.Debug|ARM64.ActiveCfg = Debug|x64
		{3382D8D0-E6E2-4F4E-818B-CB36D18B0D26}.Debug|ARM64.Build.0 = Debug|x64
		{3382D8D0-E6E2-4F4E-818B-CB36D18B0D26}.Debug|x64.ActiveCfg = Debug|x64
		{3382D8D0-E6E2-4F4E-818B-CB36D18B0D26}.Debug|x64.Build.0 = Debug|x64
		{3382D8D0-E6E2-4F4E-818B-CB36D18B0D26}.Debug|x86.ActiveCfg = Debug|Win32
		{3382D8D0-E6E2-4F4E-818B-CB36D18B0D26}.Debug|x86.Build.0 = Debug|Win32
		{3382D8D0-E6E2-4F4E-818B-CB36D18B0D26}.Release|ARM.ActiveCfg = Release|x64
		{3382D8D0-E6E2-4F4E-818B-CB36D18B0D26}.Release|ARM.Build.0 = Release|x64
		{3382D8D0-E6E2-4F4E-818B-CB36D18B0D26}.Release|ARM64.ActiveCfg = Release|x64
		{3382D8D0-E6E2-4F4E-818B-CB36D18B0D26}.Release|ARM64.Build.0 = Release|x64
		{3382D8D0-E6E2-4F4E-818B-CB36D18B0D26}.Release|x64.ActiveCfg = Release|x64
		{3382D8D0-E6E2-4F4E-818B-CB36D18B0D26}.Release|x64.Build.0 = Release|x64
		{3382D8D0-E6E2-4F4E-818B-CB36D18B0D26}.Release|x86.ActiveCfg = Release|Win32
		{3382D8D0-E6E2-4F4E-818B-CB36D18B0D26}.Release|x86.Build.0 = Release|Win32
		{5A55E07E-4228-4765-AC39-829FDCE99715}.Debug|ARM.ActiveCfg = Debug|x64
		{5A55E07E-4228-4765-AC39-829FDCE99715}.Debug|ARM.Build.0 = Debug|x64
		{5A55E07E-4228-4765-AC39-829FDCE99715}.Debug|ARM64.ActiveCfg = Debug|x64
		{5A55E07E-4228-4765-AC39-829FDCE99715}.Debug|ARM64.Build.0 = Debug|x64
		{5A55E07E-4228-4765-AC39-829FDCE99715}.Debug|x64.ActiveCfg = Debug|x64
		{5A55E07E-4228-4765-AC39-829FDCE99715}.Debug|x64.Build.0 = Debug|x64
		{5A55E07E-4228-4765-AC39-829FDCE99715}.Debug|x86.ActiveCfg = Debug|Win32
		{5A55E07E-4228-4765-AC39-829FDCE99715}.Debug|x86.Build.0 = Debug|Win32
		{5A55E07E-4228-4765-AC39-829FDCE99715}.Release|ARM.ActiveCfg = Release|x64
		{5A55E07E-4228-4765-AC39-829FDCE99715}.Release|ARM.Build.0 = Release|x64
		{5A55E07E-4228-4765-AC39-829FDCE99715}.Release|ARM64.ActiveCfg = Release|x64
		{5A55E07E-4228-4765-AC39-829FDCE99715}.Release|ARM64.Build.0 = Release|x64
		{5A55E07E-4228-4765-AC39-829FDCE99715}.Release|x64.ActiveCfg = Release|x64
		{5A55E07E-4228-4765-AC39-829FDCE99715}.Release|x64.Build.0 = Release|x64
		{5A55E07E-4228-4765-AC39-829FDCE99715}.Release|x86.ActiveCfg = Release|Win32
		{5A55E07E-4228-4765-AC39-829FDCE99715}.Release|x86.Build.0 = Release|Win32
		{FA80BB0C-7C86-4103-BBD8-EAA9F1DEF6BE}.Debug|ARM.ActiveCfg = Debug|x64
		{FA80BB0C-7C86-4103-BBD8-EAA9F1DEF6BE}.Debug|ARM.Build.0 = Debug|x64
		{FA80BB0C-7C86-4103-BBD8-EAA9F1DEF6BE}.Debug|ARM64.ActiveCfg = Debug|x64
		{FA80BB0C-7C86-4103-BBD8-EAA9F1DEF6BE}.Debug|ARM64.Build.0 = Debug|x64
		{FA80BB0C-7C86-4103-BBD8-EAA9F1DEF6BE}.Debug|x64.ActiveCfg = Debug|x64
		{FA80BB0C-7C86-4103-BBD8-EAA9F1DEF6BE}.Debug|x64.Build.0 = Debug|x64
		{FA80BB0C-7C86-4103-BBD8-EAA9F1DEF6BE}.Debug|x86.ActiveCfg = Debug|Win32
		{FA80BB0C-7C86-4103-BBD8-EAA9F1DEF6BE}.Debug|x86.Build.0 = Debug|Win32
		{FA80BB0C-7C86-4103-BBD8-EAA9F1DEF6BE}.Release|ARM.ActiveCfg = Release|x64
		{FA80BB0C-7C86-4103-BBD8-EAA9F1DEF6BE}.Release|ARM.Build.0 = Release|x64
		{FA80BB0C-7C86-4103-BBD8-EAA9F1DEF6BE}.Release|ARM64.ActiveCfg = Release|x64
		{FA80BB0C-7C86-4103-BBD8-EAA9F1DEF6BE}.Release|ARM64.Build.0 = Release|x64
		{FA80BB0C-7C86-4103-BBD8-EAA9F1DEF6BE}.Release|x64.ActiveCfg = Release|x64
		{FA80BB0C-7C86-4103-BBD8-EAA9F1DEF6BE}.Release|x64.Build.0 = Release|x64
		{FA80BB0C-7C86-4103-BBD8-EAA9F1DEF6BE}.Release|x86.ActiveCfg = Release|Win32
		{FA80BB0C-7C86-4103-BBD8-EAA9F1DEF6BE}.Release|x86.Build.0 = Release|Win32
		{425574FC-DB8C-4464-B76D-8798A234E422}.Debug|ARM.ActiveCfg = Debug|x64
		{425574FC-DB8C-4464-B76D-8798A234E422}.Debug|ARM.Build.0 = Debug|x64
		{425574FC-DB8C-4464-B76D-8798A234E422}.Debug|ARM64.ActiveCfg = Debug|x64
		{425574FC-DB8C-4464-B76D-8798A234E422}.Debug|ARM64.Build.0 = Debug|x64
		{425574FC-DB8C-4464-B76D-8798A234E422}.Debug|x64.ActiveCfg = Debug|x64
		{425574FC-DB8C-4464-B76D-8798A234E422}.Debug|x64.Build.0 = Debug|x64
		{425574FC-DB8C-4464-B76D-8798A234E422}.Debug|x86.ActiveCfg = Debug|Win32
		{425574FC-DB8C-4464-B76D-8798A234E422}.Debug|x86.Build.0 = Debug|Win32
		{425574FC-DB8C-4464-B76D-8798A234E422}.Release|ARM.ActiveCfg = Release|x64
		{425574FC-DB8C-4464-B76D-8798A234E422}.Release|ARM.Build.0 = Release|x64
		{425574FC-DB8C-4464-B76D-8798A234E422}.Release|ARM64.ActiveCfg = Release|x64
		{425574FC-DB8C-4464-B76D-8798A234E422}.Release|ARM64.Build.0 = Release|x64
		{425574FC-DB8C-4464-B76D-8798A234E422}.Release|x64.ActiveCfg = Release|x64
		{425574FC-DB8C-4464-B76D-8798A234E422}.Release|x64.Build.0 = Release|x64
		{425574FC-DB8C-4464-B76D-8798A234E422}.Release|x86.ActiveCfg = Release|Win32
		{425574FC-DB8C-4464-B76D-8798A234E422}.Release|x86.Build.0 = Release|Win32
		{FA202123-45CC-438D-A3C7-6264B21D19A4}.Debug|ARM.ActiveCfg = Debug|x64
		{FA202123-45CC-438D-A3C7-6264B21D19A4}.Debug|ARM.Build.0 = Debug|x64
		{FA202123-45CC-438D-A3C7-6264B21D19A4}.Debug|ARM64.ActiveCfg = Debug|x64
		{FA202123-45CC-438D-A3C7-6264B21D19A4}.Debug|ARM64.Build.0 = Debug|x64
		{FA202123-45CC-438D-A3C7-6264B21D19A4}.Debug|x64.ActiveCfg = Debug|x64
		{FA202123-45CC-438D-A3C7-6264B21D19A4}.Debug|x64.Build.0 = Debug|x64
		{FA202123-45CC-438D-A3C7-6264B21D19A4}.Debug|x86.ActiveCfg = Debug|Win32
		{FA202123-45CC-438D-A3C7-6264B21D19A4}.Debug|x86.Build.0 = Debug|Win32
		{FA202123-45CC-438D-A3C7-6264B21D19A4}.Release|ARM.ActiveCfg = Release|x64
		{FA202123-45CC-438D-A3C7-6264B21D19A4}.Release|ARM.Build.0 = Release|x64
		{FA202123-45CC-438D-A3C7-6264B21D19A4}.Release|ARM64.ActiveCfg = Release|x64
		{FA202123-45CC-438D-A3C7-6264B21D19A4}.Release|ARM64.Build.0 = Release|x64
		{FA202123-45CC-438D-A3C7-6264B21D19A4}.Release|x64.ActiveCfg = Release|x64
		{FA202123-45CC-438D-A3C7-6264B21D19A4}.Release|x64.Build.0 = Release|x64
		{FA202123-45CC-438D-A3C7-6264B21D19A4}.Release|x86.ActiveCfg = Release|Win32
		{FA202123-45CC-438D-A3C7-6264B21D19A4}.Release|x86.Build.0 = Release|Win32
		{35FF28A2-BFF8-40E6-B6E9-831BDB57DD11}.Debug|ARM.ActiveCfg = Debug|x64
		{35FF28A2-BFF8-40E6-B6E9-831BDB57DD11}.Debug|ARM.Build.0 = Debug|x64
		{35FF28A2-BFF8-40E6-B6E9-831BDB57DD11}.Debug|ARM64.ActiveCfg = Debug|x64
		{35FF28A2-BFF8-40E6-B6E9-831BDB57DD11}.Debug|ARM64.Build.0 = Debug|x64
		{35FF28A2-BFF8-40E6-B6E9-831BDB57DD11}.Debug|x64.ActiveCfg = Debug|x64
		{35FF28A2-BFF8-40E6-B6E9-831BDB57DD11}.Debug|x64.Build.0 = Debug|x64
		{35FF28A2-BFF8-40E6-B6E9-831BDB57DD11}.Debug|x86.ActiveCfg = Debug|Win32
		{35FF28A2-BFF8-40E6-B6E9-831BDB57DD11}.Debug|x86.Build.0 = Debug|Win32
		{35FF28A2-BFF8-40E6-B6E9-831BDB57DD11}.Release|ARM.ActiveCfg = Release|x64
		{35FF28A2-BFF8-40E6-B6E9-831BDB57DD11}.Release|ARM.Build.0 = Release|x64
		{35FF28A2-BFF8-40E6-B6E9-831BDB57DD11}.Release|ARM64.ActiveCfg = Release|x64
		{35FF28A2-BFF8-40E6-B6E9-831BDB57DD11}.Release|ARM64.Build.0 = Release|x64
		{35FF28A2-BFF8-40E6-B6E9-831BDB57DD11}.Release|x64.ActiveCfg = Release|x64
		{35FF28A2-BFF8-40E6-B6E9-831BDB57DD11}.Release|x64.Build.0 = Release|x64
		{35FF28A2-BFF8-40E6-B6E9-831BDB57DD11}.Release|x86.ActiveCfg = Release|Win32
		{35FF28A2-BFF8-40E6-B6E9-831BDB57DD11}.Release|x86.Build.0 = Release|Win32
		{C04275D4-A275-4E65-8BC9-1C195DE1C14D}.Debug|ARM.ActiveCfg = Debug|x64
		{C04275D4-A275-4E65-8BC9-1C195DE1C14D}.Debug|ARM.Build.0 = Debug|x64
		{C04275D4-A275-4E65-8BC9-1C195DE1C14D}.Debug|ARM64.ActiveCfg = Debug|x64
		{C04275D4-A275-4E65-8BC9-1C195DE1C14D}.Debug|ARM64.Build.0 = Debug|x64
		{C04275D4-A275-4E65-8BC9-1C195DE1C14D}.Debug|x64.ActiveCfg = Debug|x64
		{C04275D4-A275-4E65-8BC9-1C195DE1C14D}.Debug|x64.Build.0 = Debug|x64
		{C04275D4-A275-4E65-8BC9-1C195DE1C14D}.Debug|x86.ActiveCfg = Debug|Win32
		{C04275D4-A275-4E65-8BC9-1C195DE1C14D}.Debug|x86.Build.0 = Debug|Win32
		{C04275D4-A275-4E65-8BC9-1C195DE1C14D}.Release|ARM.ActiveCfg = Release|x64
		{C04275D4-A275-4E65-8BC9-1C195DE1C14D}.Release|ARM.Build.0 = Release|x64
		{C04275D4-A275-4E65-8BC9-1C195DE1C14D}.Release|ARM64.ActiveCfg = Release|x64
		{C04275D4-A275-4E65-8BC9-1C195DE1C14D}.Release|ARM64.Build.0 = Release|x64
		{C04275D4-A275-4E65-8BC9-1C195DE1C14D}.Release|x64.ActiveCfg = Release|x64
		{C04275D4-A275-4E65-8BC9-1C195DE1C14D}.Release|x64.Build.0 = Release|x64
		{C04275D4-A275-4E65-8BC9-1C195DE1C14D}.Release|x86.ActiveCfg = Release|Win32
		{C04275D4-A275-4E65-8BC9-1C195DE1C14D}.Release|x86.Build.0 = Release|Win32
		{F3060791-86C2-43BD-9BBE-2D22337F020E}.Debug|ARM.ActiveCfg = Debug|x64
		{F3060791-86C2-43BD-9BBE-2D22337F020E}.Debug|ARM.Build.0 = Debug|x64
		{F3060791-86C2-43BD-9BBE-2D22337F020E}.Debug|ARM64.ActiveCfg = Debug|x64
		{F3060791-86C2-43BD-9BBE-2D22337F020E}.Debug|ARM64.Build.0 = Debug|x64
		{F3060791-86C2-43BD-9BBE-2D22337F020E}.Debug|x64.ActiveCfg = Debug|x64
		{F3060791-86C2-43BD-9BBE-2D22337F020E}.Debug|x64.Build.0 = Debug|x64
		{F3060791-86C2-43BD-9BBE-2D22337F020E}.Debug|x86.ActiveCfg = Debug|Win32
		{F3060791-86C2-43BD-9BBE-2D22337F020E}.Debug|x86.Build.0 = Debug|Win32
		{F3060791-86C2-43BD-9BBE-2D22337F020E}.Release|ARM.ActiveCfg = Release|x64
		{F3060791-86C2-43BD-9BBE-2D22337F020E}.Release|ARM.Build.0 = Release|x64
		{F3060791-86C2-43BD-9BBE-2D22337F020E}.Release|ARM64.ActiveCfg = Release|x64
		{F3060791-86C2-43BD-9BBE-2D22337F020E}.Release|ARM64.Build.0 = Release|x64
		{F3060791-86C2-43BD-9BBE-2D22337F020E}.Release|x64.ActiveCfg = Release|x64
		{F3060791-86C2-43BD-9BBE-2D22337F020E}.Release|x64.Build.0 = Release|x64
		{F3060791-86C2-43BD-9BBE-2D22337F020E}.Release|x86.ActiveCfg = Release|Win32
		{F3060791-86C2-43BD-9BBE-2D22337F020E}.Release|x86.Build.0 = Release|Win32
		{87966AF7-8C77-47E9-91EA-F906FE9CBDB9}.Debug|ARM.ActiveCfg = Debug|x64
		{87966AF7-8C77-47E9-91EA-F906FE9CBDB9}.Debug|ARM.Build.0 = Debug|x64
		{87966AF7-8C77-47E9-91EA-F906FE9CBDB9}.Debug|ARM64.ActiveCfg = Debug|x64
		{87966AF7-8C77-47E9-91EA-F906FE9CBDB9}.Debug|ARM64.Build.0 = Debug|x64
		{87966AF7-8C77-47E9-91EA-F906FE9CBDB9}.Debug|x64.ActiveCfg = Debug|x64
		{87966AF7-8C77-47E9-91EA-F906FE9CBDB9}.Debug|x64.Build.0 = Debug|x64
		{87966AF7-8C77-47E9-91EA-F906FE9CBDB9}.Debug|x86.ActiveCfg = Debug|Win32
		{87966AF7-8C77-47E9-91EA-F906FE9CBDB9}.Debug|x86.Build.0 = Debug|Win32
		{87966AF7-8C77-47E9-91EA-F906FE9CBDB9}.Release|ARM.ActiveCfg = Release|x64
		{87966AF7-8C77-47E9-91EA-F906FE9CBDB9}.Release|ARM.Build.0 = Release|x64
		{87966AF7-8C77-47E9-91EA-F906FE9CBDB9}.Release|ARM64.ActiveCfg = Release|x64
		{87966AF7-8C77-47E9-91EA-F906FE9CBDB9}.Release|ARM64.Build.0 = Release|x64
		{87966AF7-8C77-47E9-91EA-F906FE9CBDB9}.Release|x64.ActiveCfg = Release|x64
		{87966AF7-8C77-47E9-91EA-F906FE9CBDB9}.Release|x64.Build.0 = Release|x64
		{87966AF7-8C77-47E9-91EA-F906FE9CBDB9}.Release|x86.ActiveCfg = Release|Win32
		{87966AF7-8C77-47E9-91EA-F906FE9CBDB9}.Release|x86.Build.0 = Release|Win32
		{6664D0CD-565A-43DF-9B33-0A700D8790C7}.Debug|ARM.ActiveCfg = Debug|x64
		{6664D0CD-565A-43DF-9B33-0A700D8790C7}.Debug|ARM.Build.0 = Debug|x64
		{6664D0CD-565A-43DF-9B33-0A700D8790C7}.Debug|ARM64.ActiveCfg = Debug|x64
		{6664D0CD-565A-43DF-9B33-0A700D8790C7}.Debug|ARM64.Build.0 = Debug|x64
		{6664D0CD-565A-43DF-9B33-0A700D8790C7}.Debug|x64.ActiveCfg = Debug|x64
		{6664D0CD-565A-43DF-9B33-0A700D8790C7}.Debug|x64.Build.0 = Debug|x64
		{6664D0CD-565A-43DF-9B33-0A700D8790C7}.Debug|x86.ActiveCfg = Debug|Win32
		{6664D0CD-565A-43DF-9B33-0A700D8790C7}.Debug|x86.Build.0 = Debug|Win32
		{6664D0CD-565A-43DF-9B33-0A700D8790C7}.Release|ARM.ActiveCfg = Release|x64
		{6664D0CD-565A-43DF-9B33-0A700D8790C7}.Release|ARM.Build.0 = Release|x64
		{6664D0CD-565A-43DF-9B33-0A700D8790C7}.Release|ARM64.ActiveCfg = Release|x64
		{6664D0CD-565A-43DF-9B33-0A700D8790C7}.Release|ARM64.Build.0 = Release|x64
		{6664D0CD-565A-43DF-9B33-0A700D8790C7}.Release|x64.ActiveCfg = Release|x64
		{6664D0CD-565A-43DF-9B33-0A700D8790C7}.Release|x64.Build.0 = Release|x64
		{6664D0CD-565A-43DF-9B33-0A700D8790C7}.Release|x86.ActiveCfg = Release|Win32
		{6664D0CD-565A-43DF-9B33-0A700D8790C7}.Release|x86.Build.0 = Release|Win32
		{FAD90221-39EE-468C-8690-418D14967A5A}.Debug|ARM.ActiveCfg = Debug|x64
		{FAD90221-39EE-468C-8690-418D14967A5A}.Debug|ARM.Build.0 = Debug|x64
		{FAD90221-39EE-468C-8690-418D14967A5A}.Debug|ARM64.ActiveCfg = Debug|x64
		{FAD90221-39EE-468C-8690-418D14967A5A}.Debug|ARM64.Build.0 = Debug|x64
		{FAD90221-39EE-468C-8690-418D14967A5A}.Debug|x64.ActiveCfg = Debug|x64
		{FAD90221-39EE-468C-8690-418D14967A5A}.Debug|x64.Build.0 = Debug|x64
		{FAD90221-39EE-468C-8690-418D14967A5A}.Debug|x86.ActiveCfg = Debug|Win32
		{FAD90221-39EE-468C-8690-418D14967A5A}.Debug|x86.Build.0 = Debug|Win32
		{FAD90221-39EE-468C-8690-418D14967A5A}.Release|ARM.ActiveCfg = Release|x64
		{FAD90221-39EE-468C-8690-418D14967A5A}.Release|ARM.Build.0 = Release|x64
		{FAD90221-39EE-468C-8690-418D14967A5A}.Release|ARM64.ActiveCfg = Release|x64
		{FAD90221-39EE-468C-8690-418D14967A5A}.Release|ARM64.Build.0 = Release|x64
		{FAD90221-39EE-468C-8690-418D14967A5A}.Release|x64.ActiveCfg = Release|x64
		{FAD90221-39EE-468C-8690-418D14967A5A}.Release|x64.Build.0 = Release|x64
		{FAD90221-39EE-468C-8690-418D14967A5A}.Release|x86.ActiveCfg = Release|Win32
		{FAD90221-39EE-468C-8690-418D14967A5A}.Release|x86.Build.0 = Release|Win32
	EndGlobalSection
	GlobalSection(SolutionProperties) = preSolution
		HideSolutionNode = FALSE
	EndGlobalSection
	GlobalSection(NestedProjects) = preSolution
		{257B324D-6F44-4318-BB4D-D2755FB054F5} = {321B7FCE-C6E9-4EF4-A2FF-1F73C8BEBD03}
		{E2A42C46-C7A6-4202-918F-D4541745C27A} = {257B324D-6F44-4318-BB4D-D2755FB054F5}
		{5E9A6FD7-7D07-45A7-A7C6-476DB7355CD1} = {257B324D-6F44-4318-BB4D-D2755FB054F5}
		{6D960E42-CDDF-48D3-ADFB-69E716F840DB} = {257B324D-6F44-4318-BB4D-D2755FB054F5}
		{FC2881B1-DCAA-418D-80A6-198B673AF9CE} = {257B324D-6F44-4318-BB4D-D2755FB054F5}
		{B9636CA9-23E8-468A-9298-4B2490DC2671} = {257B324D-6F44-4318-BB4D-D2755FB054F5}
		{839DD586-D718-46A0-ACC1-73F325FA8685} = {257B324D-6F44-4318-BB4D-D2755FB054F5}
		{E1B9DEFE-F4DB-4417-85C8-C0A95B919C8B} = {257B324D-6F44-4318-BB4D-D2755FB054F5}
		{5F6BE421-4599-454F-9F72-CC49BFD24ED4} = {257B324D-6F44-4318-BB4D-D2755FB054F5}
		{615B517C-DE50-4EB4-BCF6-4E60B4054045} = {257B324D-6F44-4318-BB4D-D2755FB054F5}
		{B536CB47-A6DA-4607-8083-3743DE0D10A4} = {257B324D-6F44-4318-BB4D-D2755FB054F5}
		{476A5B85-6903-4E67-9624-9611711B2075} = {257B324D-6F44-4318-BB4D-D2755FB054F5}
		{BF46B9CD-EE76-4B79-A0DC-36E2A442D9A8} = {257B324D-6F44-4318-BB4D-D2755FB054F5}
		{9D39AAAD-8629-4A0F-BDEA-B0AE3E30323C} = {257B324D-6F44-4318-BB4D-D2755FB054F5}
		{3382D8D0-E6E2-4F4E-818B-CB36D18B0D26} = {257B324D-6F44-4318-BB4D-D2755FB054F5}
		{5A55E07E-4228-4765-AC39-829FDCE99715} = {257B324D-6F44-4318-BB4D-D2755FB054F5}
		{FA80BB0C-7C86-4103-BBD8-EAA9F1DEF6BE} = {257B324D-6F44-4318-BB4D-D2755FB054F5}
		{425574FC-DB8C-4464-B76D-8798A234E422} = {257B324D-6F44-4318-BB4D-D2755FB054F5}
		{FA202123-45CC-438D-A3C7-6264B21D19A4} = {257B324D-6F44-4318-BB4D-D2755FB054F5}
		{35FF28A2-BFF8-40E6-B6E9-831BDB57DD11} = {257B324D-6F44-4318-BB4D-D2755FB054F5}
		{C04275D4-A275-4E65-8BC9-1C195DE1C14D} = {257B324D-6F44-4318-BB4D-D2755FB054F5}
		{51C1B7ED-8530-4DB1-88D8-622487AF4ACD} = {321B7FCE-C6E9-4EF4-A2FF-1F73C8BEBD03}
		{F3060791-86C2-43BD-9BBE-2D22337F020E} = {51C1B7ED-8530-4DB1-88D8-622487AF4ACD}
		{87966AF7-8C77-47E9-91EA-F906FE9CBDB9} = {51C1B7ED-8530-4DB1-88D8-622487AF4ACD}
		{6664D0CD-565A-43DF-9B33-0A700D8790C7} = {51C1B7ED-8530-4DB1-88D8-622487AF4ACD}
		{FAD90221-39EE-468C-8690-418D14967A5A} = {51C1B7ED-8530-4DB1-88D8-622487AF4ACD}
		{03209188-45DE-4D5F-86D0-58498AC98263} = {321B7FCE-C6E9-4EF4-A2FF-1F73C8BEBD03}
	EndGlobalSection
	GlobalSection(ExtensibilityGlobals) = postSolution
		SolutionGuid = {1CABA856-37A3-4106-A6FF-DA75B1640B69}
	EndGlobalSection
EndGlobal
