
Microsoft Visual Studio Solution File, Format Version 12.00
# Visual Studio Version 17
VisualStudioVersion = 17.7.34024.191
MinimumVisualStudioVersion = 10.0.40219.1
Project("{2150E333-8FDC-42A3-9474-1A3956D46DE8}") = "Course_Source_Code", "Course_Source_Code", "{321B7FCE-C6E9-4EF4-A2FF-1F73C8BEBD03}"
EndProject
Project("{2150E333-8FDC-42A3-9474-1A3956D46DE8}") = "Section2-Basic_Language_Facilities", "Section2-Basic_Language_Facilities", "{257B324D-6F44-4318-BB4D-D2755FB054F5}"
EndProject
Project("{8BC9CEB8-8B4A-11D0-8D11-00A0C91BC942}") = "1_First Program", "Course_Material\Section 02\1_First Program\First Program\First Program.vcxproj", "{E2A42C46-C7A6-4202-918F-D4541745C27A}"
EndProject
Project("{8BC9CEB8-8B4A-11D0-8D11-00A0C91BC942}") = "2_BasicIO", "Course_Material\Section 02\2_BasicIO\BasicIO\BasicIO.vcxproj", "{5E9A6FD7-7D07-45A7-A7C6-476DB7355CD1}"
EndProject
Project("{8BC9CEB8-8B4A-11D0-8D11-00A0C91BC942}") = "3_DefaultFunctionArgs", "Course_Material\Section 02\3_Default Function Args\DefaultFunctionArgs\DefaultFunctionArgs\DefaultFunctionArgs.vcxproj", "{6D960E42-CDDF-48D3-ADFB-69E716F840DB}"
EndProject
Project("{8BC9CEB8-8B4A-11D0-8D11-00A0C91BC942}") = "4_CPP_and_H_Files", "Course_Material\Section 02\4_CPP_and_H_Files\4_CPP_and_H_Files.vcxproj", "{FC2881B1-DCAA-418D-80A6-198B673AF9CE}"
EndProject
Project("{8BC9CEB8-8B4A-11D0-8D11-00A0C91BC942}") = "5_Uniform_Initialization", "Course_Material\Section 02\5_Uniform_Initialization\5_Uniform_Initialization.vcxproj", "{B9636CA9-23E8-468A-9298-4B2490DC2671}"
EndProject
Project("{8BC9CEB8-8B4A-11D0-8D11-00A0C91BC942}") = "7_Pointers_Assignment", "Course_Material\Section 02\7_Pointers_Assignment\7_Pointers_Assignment.vcxproj", "{839DD586-D718-46A0-ACC1-73F325FA8685}"
EndProject
Project("{8BC9CEB8-8B4A-11D0-8D11-00A0C91BC942}") = "6_Pointers", "Course_Material\Section 02\6_Pointers\Pointers.vcxproj", "{E1B9DEFE-F4DB-4417-85C8-C0A95B919C8B}"
EndProject
Global
	GlobalSection(SolutionConfigurationPlatforms) = preSolution
		Debug|x64 = Debug|x64
		Debug|x86 = Debug|x86
		Release|x64 = Release|x64
		Release|x86 = Release|x86
	EndGlobalSection
	GlobalSection(ProjectConfigurationPlatforms) = postSolution
		{E2A42C46-C7A6-4202-918F-D4541745C27A}.Debug|x64.ActiveCfg = Debug|x64
		{E2A42C46-C7A6-4202-918F-D4541745C27A}.Debug|x64.Build.0 = Debug|x64
		{E2A42C46-C7A6-4202-918F-D4541745C27A}.Debug|x86.ActiveCfg = Debug|Win32
		{E2A42C46-C7A6-4202-918F-D4541745C27A}.Debug|x86.Build.0 = Debug|Win32
		{E2A42C46-C7A6-4202-918F-D4541745C27A}.Release|x64.ActiveCfg = Release|x64
		{E2A42C46-C7A6-4202-918F-D4541745C27A}.Release|x64.Build.0 = Release|x64
		{E2A42C46-C7A6-4202-918F-D4541745C27A}.Release|x86.ActiveCfg = Release|Win32
		{E2A42C46-C7A6-4202-918F-D4541745C27A}.Release|x86.Build.0 = Release|Win32
		{5E9A6FD7-7D07-45A7-A7C6-476DB7355CD1}.Debug|x64.ActiveCfg = Debug|x64
		{5E9A6FD7-7D07-45A7-A7C6-476DB7355CD1}.Debug|x64.Build.0 = Debug|x64
		{5E9A6FD7-7D07-45A7-A7C6-476DB7355CD1}.Debug|x86.ActiveCfg = Debug|Win32
		{5E9A6FD7-7D07-45A7-A7C6-476DB7355CD1}.Debug|x86.Build.0 = Debug|Win32
		{5E9A6FD7-7D07-45A7-A7C6-476DB7355CD1}.Release|x64.ActiveCfg = Release|x64
		{5E9A6FD7-7D07-45A7-A7C6-476DB7355CD1}.Release|x64.Build.0 = Release|x64
		{5E9A6FD7-7D07-45A7-A7C6-476DB7355CD1}.Release|x86.ActiveCfg = Release|Win32
		{5E9A6FD7-7D07-45A7-A7C6-476DB7355CD1}.Release|x86.Build.0 = Release|Win32
		{6D960E42-CDDF-48D3-ADFB-69E716F840DB}.Debug|x64.ActiveCfg = Debug|x64
		{6D960E42-CDDF-48D3-ADFB-69E716F840DB}.Debug|x64.Build.0 = Debug|x64
		{6D960E42-CDDF-48D3-ADFB-69E716F840DB}.Debug|x86.ActiveCfg = Debug|Win32
		{6D960E42-CDDF-48D3-ADFB-69E716F840DB}.Debug|x86.Build.0 = Debug|Win32
		{6D960E42-CDDF-48D3-ADFB-69E716F840DB}.Release|x64.ActiveCfg = Release|x64
		{6D960E42-CDDF-48D3-ADFB-69E716F840DB}.Release|x64.Build.0 = Release|x64
		{6D960E42-CDDF-48D3-ADFB-69E716F840DB}.Release|x86.ActiveCfg = Release|Win32
		{6D960E42-CDDF-48D3-ADFB-69E716F840DB}.Release|x86.Build.0 = Release|Win32
		{FC2881B1-DCAA-418D-80A6-198B673AF9CE}.Debug|x64.ActiveCfg = Debug|x64
		{FC2881B1-DCAA-418D-80A6-198B673AF9CE}.Debug|x64.Build.0 = Debug|x64
		{FC2881B1-DCAA-418D-80A6-198B673AF9CE}.Debug|x86.ActiveCfg = Debug|Win32
		{FC2881B1-DCAA-418D-80A6-198B673AF9CE}.Debug|x86.Build.0 = Debug|Win32
		{FC2881B1-DCAA-418D-80A6-198B673AF9CE}.Release|x64.ActiveCfg = Release|x64
		{FC2881B1-DCAA-418D-80A6-198B673AF9CE}.Release|x64.Build.0 = Release|x64
		{FC2881B1-DCAA-418D-80A6-198B673AF9CE}.Release|x86.ActiveCfg = Release|Win32
		{FC2881B1-DCAA-418D-80A6-198B673AF9CE}.Release|x86.Build.0 = Release|Win32
		{B9636CA9-23E8-468A-9298-4B2490DC2671}.Debug|x64.ActiveCfg = Debug|x64
		{B9636CA9-23E8-468A-9298-4B2490DC2671}.Debug|x64.Build.0 = Debug|x64
		{B9636CA9-23E8-468A-9298-4B2490DC2671}.Debug|x86.ActiveCfg = Debug|Win32
		{B9636CA9-23E8-468A-9298-4B2490DC2671}.Debug|x86.Build.0 = Debug|Win32
		{B9636CA9-23E8-468A-9298-4B2490DC2671}.Release|x64.ActiveCfg = Release|x64
		{B9636CA9-23E8-468A-9298-4B2490DC2671}.Release|x64.Build.0 = Release|x64
		{B9636CA9-23E8-468A-9298-4B2490DC2671}.Release|x86.ActiveCfg = Release|Win32
		{B9636CA9-23E8-468A-9298-4B2490DC2671}.Release|x86.Build.0 = Release|Win32
		{839DD586-D718-46A0-ACC1-73F325FA8685}.Debug|x64.ActiveCfg = Debug|x64
		{839DD586-D718-46A0-ACC1-73F325FA8685}.Debug|x64.Build.0 = Debug|x64
		{839DD586-D718-46A0-ACC1-73F325FA8685}.Debug|x86.ActiveCfg = Debug|Win32
		{839DD586-D718-46A0-ACC1-73F325FA8685}.Debug|x86.Build.0 = Debug|Win32
		{839DD586-D718-46A0-ACC1-73F325FA8685}.Release|x64.ActiveCfg = Release|x64
		{839DD586-D718-46A0-ACC1-73F325FA8685}.Release|x64.Build.0 = Release|x64
		{839DD586-D718-46A0-ACC1-73F325FA8685}.Release|x86.ActiveCfg = Release|Win32
		{839DD586-D718-46A0-ACC1-73F325FA8685}.Release|x86.Build.0 = Release|Win32
		{E1B9DEFE-F4DB-4417-85C8-C0A95B919C8B}.Debug|x64.ActiveCfg = Debug|x64
		{E1B9DEFE-F4DB-4417-85C8-C0A95B919C8B}.Debug|x64.Build.0 = Debug|x64
		{E1B9DEFE-F4DB-4417-85C8-C0A95B919C8B}.Debug|x86.ActiveCfg = Debug|Win32
		{E1B9DEFE-F4DB-4417-85C8-C0A95B919C8B}.Debug|x86.Build.0 = Debug|Win32
		{E1B9DEFE-F4DB-4417-85C8-C0A95B919C8B}.Release|x64.ActiveCfg = Release|x64
		{E1B9DEFE-F4DB-4417-85C8-C0A95B919C8B}.Release|x64.Build.0 = Release|x64
		{E1B9DEFE-F4DB-4417-85C8-C0A95B919C8B}.Release|x86.ActiveCfg = Release|Win32
		{E1B9DEFE-F4DB-4417-85C8-C0A95B919C8B}.Release|x86.Build.0 = Release|Win32
	EndGlobalSection
	GlobalSection(SolutionProperties) = preSolution
		HideSolutionNode = FALSE
	EndGlobalSection
	GlobalSection(NestedProjects) = preSolution
		{257B324D-6F44-4318-BB4D-D2755FB054F5} = {321B7FCE-C6E9-4EF4-A2FF-1F73C8BEBD03}
		{E2A42C46-C7A6-4202-918F-D4541745C27A} = {257B324D-6F44-4318-BB4D-D2755FB054F5}
		{5E9A6FD7-7D07-45A7-A7C6-476DB7355CD1} = {257B324D-6F44-4318-BB4D-D2755FB054F5}
		{6D960E42-CDDF-48D3-ADFB-69E716F840DB} = {257B324D-6F44-4318-BB4D-D2755FB054F5}
		{FC2881B1-DCAA-418D-80A6-198B673AF9CE} = {257B324D-6F44-4318-BB4D-D2755FB054F5}
		{B9636CA9-23E8-468A-9298-4B2490DC2671} = {257B324D-6F44-4318-BB4D-D2755FB054F5}
		{839DD586-D718-46A0-ACC1-73F325FA8685} = {257B324D-6F44-4318-BB4D-D2755FB054F5}
		{E1B9DEFE-F4DB-4417-85C8-C0A95B919C8B} = {257B324D-6F44-4318-BB4D-D2755FB054F5}
	EndGlobalSection
	GlobalSection(ExtensibilityGlobals) = postSolution
		SolutionGuid = {1CABA856-37A3-4106-A6FF-DA75B1640B69}
	EndGlobalSection
EndGlobal
